PODS:
  - SnapKit (4.2.0)
  - TelaDeDetalhes (0.1.0):
    - SnapKit

DEPENDENCIES:
  - TelaDeDetalhes (from `../`)

SPEC REPOS:
  trunk:
    - SnapKit

EXTERNAL SOURCES:
  TelaDeDetalhes:
    :path: "../"

SPEC CHECKSUMS:
  SnapKit: fe8a619752f3f27075cc9a90244d75c6c3f27e2a
  TelaDeDetalhes: 7268485ca947ffa3bbddcf7e400f2abcb78fae49

PODFILE CHECKSUM: a6b3834258e20e9770e02c664538f635248e723c

COCOAPODS: 1.10.1
